
Microsoft Visual Studio Solution File, Format Version 12.00
# Visual Studio Version 16
VisualStudioVersion = 16.0.31019.35
MinimumVisualStudioVersion = 10.0.40219.1
Project("{FAE04EC0-301F-11D3-BF4B-00C04F79EFBC}") = "Web2API", "Web2API.csproj", "{10B68837-EFD5-470A-88FF-FAC41828A087}"
EndProject
Global
	GlobalSection(SolutionConfigurationPlatforms) = preSolution
		Debug|Any CPU = Debug|Any CPU
		Release|Any CPU = Release|Any CPU
	EndGlobalSection
	GlobalSection(ProjectConfigurationPlatforms) = postSolution
		{10B68837-EFD5-470A-88FF-FAC41828A087}.Debug|Any CPU.ActiveCfg = Debug|Any CPU
		{10B68837-EFD5-470A-88FF-FAC41828A087}.Debug|Any CPU.Build.0 = Debug|Any CPU
		{10B68837-EFD5-470A-88FF-FAC41828A087}.Release|Any CPU.ActiveCfg = Release|Any CPU
		{10B68837-EFD5-470A-88FF-FAC41828A087}.Release|Any CPU.Build.0 = Release|Any CPU
	EndGlobalSection
	GlobalSection(SolutionProperties) = preSolution
		HideSolutionNode = FALSE
	EndGlobalSection
	GlobalSection(ExtensibilityGlobals) = postSolution
		SolutionGuid = {AFB797FE-BE06-48C6-AF12-05928533FF9A}
	EndGlobalSection
EndGlobal
